// !$*UTF8*$!
{
	archiveVersion = 1;
	classes = {
	};
	objectVersion = 56;
	objects = {

/* Begin PBXBuildFile section */
		A18F2AB92AA6B78E0081553D /* Assignment_2App.swift in Sources */ = {isa = PBXBuildFile; fileRef = A18F2AB82AA6B78E0081553D /* Assignment_2App.swift */; };
		A18F2ABB2AA6B78E0081553D /* ContentView.swift in Sources */ = {isa = PBXBuildFile; fileRef = A18F2ABA2AA6B78E0081553D /* ContentView.swift */; };
		A18F2ABD2AA6B7910081553D /* Assets.xcassets in Resources */ = {isa = PBXBuildFile; fileRef = A18F2ABC2AA6B7910081553D /* Assets.xcassets */; };
		A18F2AC02AA6B7910081553D /* Preview Assets.xcassets in Resources */ = {isa = PBXBuildFile; fileRef = A18F2ABF2AA6B7910081553D /* Preview Assets.xcassets */; };
		A18F2ACC2AA6C1280081553D /* Locations.swift in Sources */ = {isa = PBXBuildFile; fileRef = A18F2ACB2AA6C1280081553D /* Locations.swift */; };
		A18F2ACE2AA6C1820081553D /* Activities.swift in Sources */ = {isa = PBXBuildFile; fileRef = A18F2ACD2AA6C1820081553D /* Activities.swift */; };
		A18F2AD12AA6CC460081553D /* ActivityImage.swift in Sources */ = {isa = PBXBuildFile; fileRef = A18F2AD02AA6CC460081553D /* ActivityImage.swift */; };
		A18F2AD32AA6D2750081553D /* MapView.swift in Sources */ = {isa = PBXBuildFile; fileRef = A18F2AD22AA6D2750081553D /* MapView.swift */; };
		A18F2AD52AA6DF450081553D /* sanFranciscoActivityData.json in Resources */ = {isa = PBXBuildFile; fileRef = A18F2AD42AA6DF440081553D /* sanFranciscoActivityData.json */; };
		A18F2AD72AA6E67E0081553D /* ModelData.swift in Sources */ = {isa = PBXBuildFile; fileRef = A18F2AD62AA6E67E0081553D /* ModelData.swift */; };
		A18F2AD92AA6EA840081553D /* losAngelesActivityData.json in Resources */ = {isa = PBXBuildFile; fileRef = A18F2AD82AA6EA830081553D /* losAngelesActivityData.json */; };
		A18F2ADB2AA6EF8E0081553D /* newYorkCityActivityData.json in Resources */ = {isa = PBXBuildFile; fileRef = A18F2ADA2AA6EF8E0081553D /* newYorkCityActivityData.json */; };
		A18F2ADD2AA6F4F50081553D /* chicagoActivityData.json in Resources */ = {isa = PBXBuildFile; fileRef = A18F2ADC2AA6F4F50081553D /* chicagoActivityData.json */; };
		A18F2ADF2AA6FD6F0081553D /* locationsData.json in Resources */ = {isa = PBXBuildFile; fileRef = A18F2ADE2AA6FD6E0081553D /* locationsData.json */; };
		A18F2AE12AA6FDDC0081553D /* LocationImage.swift in Sources */ = {isa = PBXBuildFile; fileRef = A18F2AE02AA6FDDC0081553D /* LocationImage.swift */; };
		A18F2AE32AA6FE1D0081553D /* chicagoActivityRow.swift in Sources */ = {isa = PBXBuildFile; fileRef = A18F2AE22AA6FE1D0081553D /* chicagoActivityRow.swift */; };
		A18F2AE52AA6FF080081553D /* losAngelesActivityRow.swift in Sources */ = {isa = PBXBuildFile; fileRef = A18F2AE42AA6FF080081553D /* losAngelesActivityRow.swift */; };
		A18F2AE72AA6FF1B0081553D /* newYorkCityActivityRow.swift in Sources */ = {isa = PBXBuildFile; fileRef = A18F2AE62AA6FF1B0081553D /* newYorkCityActivityRow.swift */; };
		A18F2AE92AA6FF2C0081553D /* sanFranciscoActivityRow.swift in Sources */ = {isa = PBXBuildFile; fileRef = A18F2AE82AA6FF2C0081553D /* sanFranciscoActivityRow.swift */; };
		A1C0921D2AA80F3B0003D9DB /* chicagoActivityList.swift in Sources */ = {isa = PBXBuildFile; fileRef = A1C0921C2AA80F3B0003D9DB /* chicagoActivityList.swift */; };
		A1C0921F2AA80F5A0003D9DB /* losAngelesActivityList.swift in Sources */ = {isa = PBXBuildFile; fileRef = A1C0921E2AA80F5A0003D9DB /* losAngelesActivityList.swift */; };
		A1C092212AA80F800003D9DB /* newYorkCityActivityList.swift in Sources */ = {isa = PBXBuildFile; fileRef = A1C092202AA80F800003D9DB /* newYorkCityActivityList.swift */; };
		A1C092232AA80F970003D9DB /* sanFranciscoActivityList.swift in Sources */ = {isa = PBXBuildFile; fileRef = A1C092222AA80F970003D9DB /* sanFranciscoActivityList.swift */; };
		A1C6F3D32AA83C63009CA2C6 /* locationRow.swift in Sources */ = {isa = PBXBuildFile; fileRef = A1C6F3D22AA83C63009CA2C6 /* locationRow.swift */; };
		A1C6F3D72AA83D88009CA2C6 /* locationList.swift in Sources */ = {isa = PBXBuildFile; fileRef = A1C6F3D62AA83D88009CA2C6 /* locationList.swift */; };
		A1C6F3D92AA845D9009CA2C6 /* sanFranciscoActivityDetail.swift in Sources */ = {isa = PBXBuildFile; fileRef = A1C6F3D82AA845D9009CA2C6 /* sanFranciscoActivityDetail.swift */; };
		A1C6F3DB2AA845E4009CA2C6 /* locationDetail.swift in Sources */ = {isa = PBXBuildFile; fileRef = A1C6F3DA2AA845E4009CA2C6 /* locationDetail.swift */; };
		A1C6F3DD2AA84D6F009CA2C6 /* newYorkCityActivityDetail.swift in Sources */ = {isa = PBXBuildFile; fileRef = A1C6F3DC2AA84D6F009CA2C6 /* newYorkCityActivityDetail.swift */; };
		A1C6F3DF2AA84E51009CA2C6 /* losAngelesActivityDetail.swift in Sources */ = {isa = PBXBuildFile; fileRef = A1C6F3DE2AA84E50009CA2C6 /* losAngelesActivityDetail.swift */; };
		A1C6F3E12AA84E60009CA2C6 /* chicagoActivityDetail.swift in Sources */ = {isa = PBXBuildFile; fileRef = A1C6F3E02AA84E60009CA2C6 /* chicagoActivityDetail.swift */; };
/* End PBXBuildFile section */

/* Begin PBXFileReference section */
		A18F2AB52AA6B78E0081553D /* Assignment 2.app */ = {isa = PBXFileReference; explicitFileType = wrapper.application; includeInIndex = 0; path = "Assignment 2.app"; sourceTree = BUILT_PRODUCTS_DIR; };
		A18F2AB82AA6B78E0081553D /* Assignment_2App.swift */ = {isa = PBXFileReference; lastKnownFileType = sourcecode.swift; path = Assignment_2App.swift; sourceTree = "<group>"; };
		A18F2ABA2AA6B78E0081553D /* ContentView.swift */ = {isa = PBXFileReference; lastKnownFileType = sourcecode.swift; path = ContentView.swift; sourceTree = "<group>"; };
		A18F2ABC2AA6B7910081553D /* Assets.xcassets */ = {isa = PBXFileReference; lastKnownFileType = folder.assetcatalog; path = Assets.xcassets; sourceTree = "<group>"; };
		A18F2ABF2AA6B7910081553D /* Preview Assets.xcassets */ = {isa = PBXFileReference; lastKnownFileType = folder.assetcatalog; path = "Preview Assets.xcassets"; sourceTree = "<group>"; };
		A18F2ACB2AA6C1280081553D /* Locations.swift */ = {isa = PBXFileReference; lastKnownFileType = sourcecode.swift; path = Locations.swift; sourceTree = "<group>"; };
		A18F2ACD2AA6C1820081553D /* Activities.swift */ = {isa = PBXFileReference; lastKnownFileType = sourcecode.swift; path = Activities.swift; sourceTree = "<group>"; };
		A18F2AD02AA6CC460081553D /* ActivityImage.swift */ = {isa = PBXFileReference; lastKnownFileType = sourcecode.swift; path = ActivityImage.swift; sourceTree = "<group>"; };
		A18F2AD22AA6D2750081553D /* MapView.swift */ = {isa = PBXFileReference; lastKnownFileType = sourcecode.swift; path = MapView.swift; sourceTree = "<group>"; };
		A18F2AD42AA6DF440081553D /* sanFranciscoActivityData.json */ = {isa = PBXFileReference; fileEncoding = 4; lastKnownFileType = text.json; path = sanFranciscoActivityData.json; sourceTree = "<group>"; };
		A18F2AD62AA6E67E0081553D /* ModelData.swift */ = {isa = PBXFileReference; lastKnownFileType = sourcecode.swift; path = ModelData.swift; sourceTree = "<group>"; };
		A18F2AD82AA6EA830081553D /* losAngelesActivityData.json */ = {isa = PBXFileReference; fileEncoding = 4; lastKnownFileType = text.json; path = losAngelesActivityData.json; sourceTree = "<group>"; };
		A18F2ADA2AA6EF8E0081553D /* newYorkCityActivityData.json */ = {isa = PBXFileReference; fileEncoding = 4; lastKnownFileType = text.json; path = newYorkCityActivityData.json; sourceTree = "<group>"; };
		A18F2ADC2AA6F4F50081553D /* chicagoActivityData.json */ = {isa = PBXFileReference; fileEncoding = 4; lastKnownFileType = text.json; path = chicagoActivityData.json; sourceTree = "<group>"; };
		A18F2ADE2AA6FD6E0081553D /* locationsData.json */ = {isa = PBXFileReference; fileEncoding = 4; lastKnownFileType = text.json; path = locationsData.json; sourceTree = "<group>"; };
		A18F2AE02AA6FDDC0081553D /* LocationImage.swift */ = {isa = PBXFileReference; lastKnownFileType = sourcecode.swift; path = LocationImage.swift; sourceTree = "<group>"; };
		A18F2AE22AA6FE1D0081553D /* chicagoActivityRow.swift */ = {isa = PBXFileReference; lastKnownFileType = sourcecode.swift; path = chicagoActivityRow.swift; sourceTree = "<group>"; };
		A18F2AE42AA6FF080081553D /* losAngelesActivityRow.swift */ = {isa = PBXFileReference; lastKnownFileType = sourcecode.swift; path = losAngelesActivityRow.swift; sourceTree = "<group>"; };
		A18F2AE62AA6FF1B0081553D /* newYorkCityActivityRow.swift */ = {isa = PBXFileReference; lastKnownFileType = sourcecode.swift; path = newYorkCityActivityRow.swift; sourceTree = "<group>"; };
		A18F2AE82AA6FF2C0081553D /* sanFranciscoActivityRow.swift */ = {isa = PBXFileReference; lastKnownFileType = sourcecode.swift; path = sanFranciscoActivityRow.swift; sourceTree = "<group>"; };
		A1C0921C2AA80F3B0003D9DB /* chicagoActivityList.swift */ = {isa = PBXFileReference; lastKnownFileType = sourcecode.swift; path = chicagoActivityList.swift; sourceTree = "<group>"; };
		A1C0921E2AA80F5A0003D9DB /* losAngelesActivityList.swift */ = {isa = PBXFileReference; lastKnownFileType = sourcecode.swift; path = losAngelesActivityList.swift; sourceTree = "<group>"; };
		A1C092202AA80F800003D9DB /* newYorkCityActivityList.swift */ = {isa = PBXFileReference; lastKnownFileType = sourcecode.swift; path = newYorkCityActivityList.swift; sourceTree = "<group>"; };
		A1C092222AA80F970003D9DB /* sanFranciscoActivityList.swift */ = {isa = PBXFileReference; lastKnownFileType = sourcecode.swift; path = sanFranciscoActivityList.swift; sourceTree = "<group>"; };
		A1C6F3D22AA83C63009CA2C6 /* locationRow.swift */ = {isa = PBXFileReference; lastKnownFileType = sourcecode.swift; path = locationRow.swift; sourceTree = "<group>"; };
		A1C6F3D62AA83D88009CA2C6 /* locationList.swift */ = {isa = PBXFileReference; lastKnownFileType = sourcecode.swift; path = locationList.swift; sourceTree = "<group>"; };
		A1C6F3D82AA845D9009CA2C6 /* sanFranciscoActivityDetail.swift */ = {isa = PBXFileReference; lastKnownFileType = sourcecode.swift; path = sanFranciscoActivityDetail.swift; sourceTree = "<group>"; };
		A1C6F3DA2AA845E4009CA2C6 /* locationDetail.swift */ = {isa = PBXFileReference; lastKnownFileType = sourcecode.swift; path = locationDetail.swift; sourceTree = "<group>"; };
		A1C6F3DC2AA84D6F009CA2C6 /* newYorkCityActivityDetail.swift */ = {isa = PBXFileReference; lastKnownFileType = sourcecode.swift; path = newYorkCityActivityDetail.swift; sourceTree = "<group>"; };
		A1C6F3DE2AA84E50009CA2C6 /* losAngelesActivityDetail.swift */ = {isa = PBXFileReference; lastKnownFileType = sourcecode.swift; path = losAngelesActivityDetail.swift; sourceTree = "<group>"; };
		A1C6F3E02AA84E60009CA2C6 /* chicagoActivityDetail.swift */ = {isa = PBXFileReference; lastKnownFileType = sourcecode.swift; path = chicagoActivityDetail.swift; sourceTree = "<group>"; };
/* End PBXFileReference section */

/* Begin PBXFrameworksBuildPhase section */
		A18F2AB22AA6B78E0081553D /* Frameworks */ = {
			isa = PBXFrameworksBuildPhase;
			buildActionMask = 2147483647;
			files = (
			);
			runOnlyForDeploymentPostprocessing = 0;
		};
/* End PBXFrameworksBuildPhase section */

/* Begin PBXGroup section */
		A18F2AAC2AA6B78E0081553D = {
			isa = PBXGroup;
			children = (
				A18F2AB72AA6B78E0081553D /* Assignment 2 */,
				A18F2AB62AA6B78E0081553D /* Products */,
			);
			sourceTree = "<group>";
		};
		A18F2AB62AA6B78E0081553D /* Products */ = {
			isa = PBXGroup;
			children = (
				A18F2AB52AA6B78E0081553D /* Assignment 2.app */,
			);
			name = Products;
			sourceTree = "<group>";
		};
		A18F2AB72AA6B78E0081553D /* Assignment 2 */ = {
			isa = PBXGroup;
			children = (
				A18F2ACF2AA6C27C0081553D /* Extension */,
				A18F2AB82AA6B78E0081553D /* Assignment_2App.swift */,
				A18F2ACA2AA6C0B60081553D /* View */,
				A18F2AC92AA6C0AB0081553D /* Resources */,
				A18F2AC62AA6C0790081553D /* Model */,
				A18F2ABC2AA6B7910081553D /* Assets.xcassets */,
				A18F2ABE2AA6B7910081553D /* Preview Content */,
			);
			path = "Assignment 2";
			sourceTree = "<group>";
		};
		A18F2ABE2AA6B7910081553D /* Preview Content */ = {
			isa = PBXGroup;
			children = (
				A18F2ABF2AA6B7910081553D /* Preview Assets.xcassets */,
			);
			path = "Preview Content";
			sourceTree = "<group>";
		};
		A18F2AC62AA6C0790081553D /* Model */ = {
			isa = PBXGroup;
			children = (
				A18F2ACB2AA6C1280081553D /* Locations.swift */,
				A18F2ACD2AA6C1820081553D /* Activities.swift */,
				A18F2AD62AA6E67E0081553D /* ModelData.swift */,
			);
			path = Model;
			sourceTree = "<group>";
		};
		A18F2AC92AA6C0AB0081553D /* Resources */ = {
			isa = PBXGroup;
			children = (
				A18F2AD42AA6DF440081553D /* sanFranciscoActivityData.json */,
				A18F2AD82AA6EA830081553D /* losAngelesActivityData.json */,
				A18F2ADA2AA6EF8E0081553D /* newYorkCityActivityData.json */,
				A18F2ADC2AA6F4F50081553D /* chicagoActivityData.json */,
				A18F2ADE2AA6FD6E0081553D /* locationsData.json */,
			);
			path = Resources;
			sourceTree = "<group>";
		};
		A18F2ACA2AA6C0B60081553D /* View */ = {
			isa = PBXGroup;
			children = (
				A18F2ABA2AA6B78E0081553D /* ContentView.swift */,
				A1C6F3D62AA83D88009CA2C6 /* locationList.swift */,
				A1C092222AA80F970003D9DB /* sanFranciscoActivityList.swift */,
				A1C0921C2AA80F3B0003D9DB /* chicagoActivityList.swift */,
				A1C0921E2AA80F5A0003D9DB /* losAngelesActivityList.swift */,
				A1C092202AA80F800003D9DB /* newYorkCityActivityList.swift */,
				A1C6F3D22AA83C63009CA2C6 /* locationRow.swift */,
				A18F2AE82AA6FF2C0081553D /* sanFranciscoActivityRow.swift */,
				A18F2AE22AA6FE1D0081553D /* chicagoActivityRow.swift */,
				A18F2AE42AA6FF080081553D /* losAngelesActivityRow.swift */,
				A18F2AE62AA6FF1B0081553D /* newYorkCityActivityRow.swift */,
				A1C6F3DA2AA845E4009CA2C6 /* locationDetail.swift */,
				A1C6F3D82AA845D9009CA2C6 /* sanFranciscoActivityDetail.swift */,
				A1C6F3E02AA84E60009CA2C6 /* chicagoActivityDetail.swift */,
				A1C6F3DE2AA84E50009CA2C6 /* losAngelesActivityDetail.swift */,
				A1C6F3DC2AA84D6F009CA2C6 /* newYorkCityActivityDetail.swift */,
				A18F2AD02AA6CC460081553D /* ActivityImage.swift */,
				A18F2AE02AA6FDDC0081553D /* LocationImage.swift */,
				A18F2AD22AA6D2750081553D /* MapView.swift */,
			);
			path = View;
			sourceTree = "<group>";
		};
		A18F2ACF2AA6C27C0081553D /* Extension */ = {
			isa = PBXGroup;
			children = (
			);
			path = Extension;
			sourceTree = "<group>";
		};
/* End PBXGroup section */

/* Begin PBXNativeTarget section */
		A18F2AB42AA6B78E0081553D /* Assignment 2 */ = {
			isa = PBXNativeTarget;
			buildConfigurationList = A18F2AC32AA6B7910081553D /* Build configuration list for PBXNativeTarget "Assignment 2" */;
			buildPhases = (
				A18F2AB12AA6B78E0081553D /* Sources */,
				A18F2AB22AA6B78E0081553D /* Frameworks */,
				A18F2AB32AA6B78E0081553D /* Resources */,
			);
			buildRules = (
			);
			dependencies = (
			);
			name = "Assignment 2";
			productName = "Assignment 2";
			productReference = A18F2AB52AA6B78E0081553D /* Assignment 2.app */;
			productType = "com.apple.product-type.application";
		};
/* End PBXNativeTarget section */

/* Begin PBXProject section */
		A18F2AAD2AA6B78E0081553D /* Project object */ = {
			isa = PBXProject;
			attributes = {
				BuildIndependentTargetsInParallel = 1;
				LastSwiftUpdateCheck = 1430;
				LastUpgradeCheck = 1430;
				TargetAttributes = {
					A18F2AB42AA6B78E0081553D = {
						CreatedOnToolsVersion = 14.3.1;
					};
				};
			};
			buildConfigurationList = A18F2AB02AA6B78E0081553D /* Build configuration list for PBXProject "Assignment 2" */;
			compatibilityVersion = "Xcode 14.0";
			developmentRegion = en;
			hasScannedForEncodings = 0;
			knownRegions = (
				en,
				Base,
			);
			mainGroup = A18F2AAC2AA6B78E0081553D;
			productRefGroup = A18F2AB62AA6B78E0081553D /* Products */;
			projectDirPath = "";
			projectRoot = "";
			targets = (
				A18F2AB42AA6B78E0081553D /* Assignment 2 */,
			);
		};
/* End PBXProject section */

/* Begin PBXResourcesBuildPhase section */
		A18F2AB32AA6B78E0081553D /* Resources */ = {
			isa = PBXResourcesBuildPhase;
			buildActionMask = 2147483647;
			files = (
				A18F2AC02AA6B7910081553D /* Preview Assets.xcassets in Resources */,
				A18F2ADB2AA6EF8E0081553D /* newYorkCityActivityData.json in Resources */,
				A18F2ADD2AA6F4F50081553D /* chicagoActivityData.json in Resources */,
				A18F2AD52AA6DF450081553D /* sanFranciscoActivityData.json in Resources */,
				A18F2ADF2AA6FD6F0081553D /* locationsData.json in Resources */,
				A18F2AD92AA6EA840081553D /* losAngelesActivityData.json in Resources */,
				A18F2ABD2AA6B7910081553D /* Assets.xcassets in Resources */,
			);
			runOnlyForDeploymentPostprocessing = 0;
		};
/* End PBXResourcesBuildPhase section */

/* Begin PBXSourcesBuildPhase section */
		A18F2AB12AA6B78E0081553D /* Sources */ = {
			isa = PBXSourcesBuildPhase;
			buildActionMask = 2147483647;
			files = (
				A18F2AD12AA6CC460081553D /* ActivityImage.swift in Sources */,
				A18F2AE32AA6FE1D0081553D /* chicagoActivityRow.swift in Sources */,
				A18F2AD32AA6D2750081553D /* MapView.swift in Sources */,
				A18F2AE72AA6FF1B0081553D /* newYorkCityActivityRow.swift in Sources */,
				A1C6F3DF2AA84E51009CA2C6 /* losAngelesActivityDetail.swift in Sources */,
				A1C6F3D72AA83D88009CA2C6 /* locationList.swift in Sources */,
				A18F2AE12AA6FDDC0081553D /* LocationImage.swift in Sources */,
				A1C092212AA80F800003D9DB /* newYorkCityActivityList.swift in Sources */,
				A18F2AD72AA6E67E0081553D /* ModelData.swift in Sources */,
				A18F2ACE2AA6C1820081553D /* Activities.swift in Sources */,
				A1C0921F2AA80F5A0003D9DB /* losAngelesActivityList.swift in Sources */,
				A18F2ACC2AA6C1280081553D /* Locations.swift in Sources */,
				A1C6F3E12AA84E60009CA2C6 /* chicagoActivityDetail.swift in Sources */,
				A18F2ABB2AA6B78E0081553D /* ContentView.swift in Sources */,
				A1C6F3DB2AA845E4009CA2C6 /* locationDetail.swift in Sources */,
				A18F2AE52AA6FF080081553D /* losAngelesActivityRow.swift in Sources */,
				A1C092232AA80F970003D9DB /* sanFranciscoActivityList.swift in Sources */,
				A1C6F3DD2AA84D6F009CA2C6 /* newYorkCityActivityDetail.swift in Sources */,
				A18F2AB92AA6B78E0081553D /* Assignment_2App.swift in Sources */,
				A1C0921D2AA80F3B0003D9DB /* chicagoActivityList.swift in Sources */,
				A1C6F3D92AA845D9009CA2C6 /* sanFranciscoActivityDetail.swift in Sources */,
				A1C6F3D32AA83C63009CA2C6 /* locationRow.swift in Sources */,
				A18F2AE92AA6FF2C0081553D /* sanFranciscoActivityRow.swift in Sources */,
			);
			runOnlyForDeploymentPostprocessing = 0;
		};
/* End PBXSourcesBuildPhase section */

/* Begin XCBuildConfiguration section */
		A18F2AC12AA6B7910081553D /* Debug */ = {
			isa = XCBuildConfiguration;
			buildSettings = {
				ALWAYS_SEARCH_USER_PATHS = NO;
				CLANG_ANALYZER_NONNULL = YES;
				CLANG_ANALYZER_NUMBER_OBJECT_CONVERSION = YES_AGGRESSIVE;
				CLANG_CXX_LANGUAGE_STANDARD = "gnu++20";
				CLANG_ENABLE_MODULES = YES;
				CLANG_ENABLE_OBJC_ARC = YES;
				CLANG_ENABLE_OBJC_WEAK = YES;
				CLANG_WARN_BLOCK_CAPTURE_AUTORELEASING = YES;
				CLANG_WARN_BOOL_CONVERSION = YES;
				CLANG_WARN_COMMA = YES;
				CLANG_WARN_CONSTANT_CONVERSION = YES;
				CLANG_WARN_DEPRECATED_OBJC_IMPLEMENTATIONS = YES;
				CLANG_WARN_DIRECT_OBJC_ISA_USAGE = YES_ERROR;
				CLANG_WARN_DOCUMENTATION_COMMENTS = YES;
				CLANG_WARN_EMPTY_BODY = YES;
				CLANG_WARN_ENUM_CONVERSION = YES;
				CLANG_WARN_INFINITE_RECURSION = YES;
				CLANG_WARN_INT_CONVERSION = YES;
				CLANG_WARN_NON_LITERAL_NULL_CONVERSION = YES;
				CLANG_WARN_OBJC_IMPLICIT_RETAIN_SELF = YES;
				CLANG_WARN_OBJC_LITERAL_CONVERSION = YES;
				CLANG_WARN_OBJC_ROOT_CLASS = YES_ERROR;
				CLANG_WARN_QUOTED_INCLUDE_IN_FRAMEWORK_HEADER = YES;
				CLANG_WARN_RANGE_LOOP_ANALYSIS = YES;
				CLANG_WARN_STRICT_PROTOTYPES = YES;
				CLANG_WARN_SUSPICIOUS_MOVE = YES;
				CLANG_WARN_UNGUARDED_AVAILABILITY = YES_AGGRESSIVE;
				CLANG_WARN_UNREACHABLE_CODE = YES;
				CLANG_WARN__DUPLICATE_METHOD_MATCH = YES;
				COPY_PHASE_STRIP = NO;
				DEBUG_INFORMATION_FORMAT = dwarf;
				ENABLE_STRICT_OBJC_MSGSEND = YES;
				ENABLE_TESTABILITY = YES;
				GCC_C_LANGUAGE_STANDARD = gnu11;
				GCC_DYNAMIC_NO_PIC = NO;
				GCC_NO_COMMON_BLOCKS = YES;
				GCC_OPTIMIZATION_LEVEL = 0;
				GCC_PREPROCESSOR_DEFINITIONS = (
					"DEBUG=1",
					"$(inherited)",
				);
				GCC_WARN_64_TO_32_BIT_CONVERSION = YES;
				GCC_WARN_ABOUT_RETURN_TYPE = YES_ERROR;
				GCC_WARN_UNDECLARED_SELECTOR = YES;
				GCC_WARN_UNINITIALIZED_AUTOS = YES_AGGRESSIVE;
				GCC_WARN_UNUSED_FUNCTION = YES;
				GCC_WARN_UNUSED_VARIABLE = YES;
				IPHONEOS_DEPLOYMENT_TARGET = 16.4;
				MTL_ENABLE_DEBUG_INFO = INCLUDE_SOURCE;
				MTL_FAST_MATH = YES;
				ONLY_ACTIVE_ARCH = YES;
				SDKROOT = iphoneos;
				SWIFT_ACTIVE_COMPILATION_CONDITIONS = DEBUG;
				SWIFT_OPTIMIZATION_LEVEL = "-Onone";
			};
			name = Debug;
		};
		A18F2AC22AA6B7910081553D /* Release */ = {
			isa = XCBuildConfiguration;
			buildSettings = {
				ALWAYS_SEARCH_USER_PATHS = NO;
				CLANG_ANALYZER_NONNULL = YES;
				CLANG_ANALYZER_NUMBER_OBJECT_CONVERSION = YES_AGGRESSIVE;
				CLANG_CXX_LANGUAGE_STANDARD = "gnu++20";
				CLANG_ENABLE_MODULES = YES;
				CLANG_ENABLE_OBJC_ARC = YES;
				CLANG_ENABLE_OBJC_WEAK = YES;
				CLANG_WARN_BLOCK_CAPTURE_AUTORELEASING = YES;
				CLANG_WARN_BOOL_CONVERSION = YES;
				CLANG_WARN_COMMA = YES;
				CLANG_WARN_CONSTANT_CONVERSION = YES;
				CLANG_WARN_DEPRECATED_OBJC_IMPLEMENTATIONS = YES;
				CLANG_WARN_DIRECT_OBJC_ISA_USAGE = YES_ERROR;
				CLANG_WARN_DOCUMENTATION_COMMENTS = YES;
				CLANG_WARN_EMPTY_BODY = YES;
				CLANG_WARN_ENUM_CONVERSION = YES;
				CLANG_WARN_INFINITE_RECURSION = YES;
				CLANG_WARN_INT_CONVERSION = YES;
				CLANG_WARN_NON_LITERAL_NULL_CONVERSION = YES;
				CLANG_WARN_OBJC_IMPLICIT_RETAIN_SELF = YES;
				CLANG_WARN_OBJC_LITERAL_CONVERSION = YES;
				CLANG_WARN_OBJC_ROOT_CLASS = YES_ERROR;
				CLANG_WARN_QUOTED_INCLUDE_IN_FRAMEWORK_HEADER = YES;
				CLANG_WARN_RANGE_LOOP_ANALYSIS = YES;
				CLANG_WARN_STRICT_PROTOTYPES = YES;
				CLANG_WARN_SUSPICIOUS_MOVE = YES;
				CLANG_WARN_UNGUARDED_AVAILABILITY = YES_AGGRESSIVE;
				CLANG_WARN_UNREACHABLE_CODE = YES;
				CLANG_WARN__DUPLICATE_METHOD_MATCH = YES;
				COPY_PHASE_STRIP = NO;
				DEBUG_INFORMATION_FORMAT = "dwarf-with-dsym";
				ENABLE_NS_ASSERTIONS = NO;
				ENABLE_STRICT_OBJC_MSGSEND = YES;
				GCC_C_LANGUAGE_STANDARD = gnu11;
				GCC_NO_COMMON_BLOCKS = YES;
				GCC_WARN_64_TO_32_BIT_CONVERSION = YES;
				GCC_WARN_ABOUT_RETURN_TYPE = YES_ERROR;
				GCC_WARN_UNDECLARED_SELECTOR = YES;
				GCC_WARN_UNINITIALIZED_AUTOS = YES_AGGRESSIVE;
				GCC_WARN_UNUSED_FUNCTION = YES;
				GCC_WARN_UNUSED_VARIABLE = YES;
				IPHONEOS_DEPLOYMENT_TARGET = 16.4;
				MTL_ENABLE_DEBUG_INFO = NO;
				MTL_FAST_MATH = YES;
				SDKROOT = iphoneos;
				SWIFT_COMPILATION_MODE = wholemodule;
				SWIFT_OPTIMIZATION_LEVEL = "-O";
				VALIDATE_PRODUCT = YES;
			};
			name = Release;
		};
		A18F2AC42AA6B7910081553D /* Debug */ = {
			isa = XCBuildConfiguration;
			buildSettings = {
				ASSETCATALOG_COMPILER_APPICON_NAME = AppIcon;
				ASSETCATALOG_COMPILER_GLOBAL_ACCENT_COLOR_NAME = AccentColor;
				CODE_SIGN_STYLE = Automatic;
				CURRENT_PROJECT_VERSION = 1;
				DEVELOPMENT_ASSET_PATHS = "\"Assignment 2/Preview Content\"";
				ENABLE_PREVIEWS = YES;
				GENERATE_INFOPLIST_FILE = YES;
				INFOPLIST_KEY_UIApplicationSceneManifest_Generation = YES;
				INFOPLIST_KEY_UIApplicationSupportsIndirectInputEvents = YES;
				INFOPLIST_KEY_UILaunchScreen_Generation = YES;
				INFOPLIST_KEY_UISupportedInterfaceOrientations_iPad = "UIInterfaceOrientationPortrait UIInterfaceOrientationPortraitUpsideDown UIInterfaceOrientationLandscapeLeft UIInterfaceOrientationLandscapeRight";
				INFOPLIST_KEY_UISupportedInterfaceOrientations_iPhone = "UIInterfaceOrientationPortrait UIInterfaceOrientationLandscapeLeft UIInterfaceOrientationLandscapeRight";
				LD_RUNPATH_SEARCH_PATHS = (
					"$(inherited)",
					"@executable_path/Frameworks",
				);
				MARKETING_VERSION = 1.0;
				PRODUCT_BUNDLE_IDENTIFIER = "organization.Assignment-2";
				PRODUCT_NAME = "$(TARGET_NAME)";
				SWIFT_EMIT_LOC_STRINGS = YES;
				SWIFT_VERSION = 5.0;
				TARGETED_DEVICE_FAMILY = "1,2";
			};
			name = Debug;
		};
		A18F2AC52AA6B7910081553D /* Release */ = {
			isa = XCBuildConfiguration;
			buildSettings = {
				ASSETCATALOG_COMPILER_APPICON_NAME = AppIcon;
				ASSETCATALOG_COMPILER_GLOBAL_ACCENT_COLOR_NAME = AccentColor;
				CODE_SIGN_STYLE = Automatic;
				CURRENT_PROJECT_VERSION = 1;
				DEVELOPMENT_ASSET_PATHS = "\"Assignment 2/Preview Content\"";
				ENABLE_PREVIEWS = YES;
				GENERATE_INFOPLIST_FILE = YES;
				INFOPLIST_KEY_UIApplicationSceneManifest_Generation = YES;
				INFOPLIST_KEY_UIApplicationSupportsIndirectInputEvents = YES;
				INFOPLIST_KEY_UILaunchScreen_Generation = YES;
				INFOPLIST_KEY_UISupportedInterfaceOrientations_iPad = "UIInterfaceOrientationPortrait UIInterfaceOrientationPortraitUpsideDown UIInterfaceOrientationLandscapeLeft UIInterfaceOrientationLandscapeRight";
				INFOPLIST_KEY_UISupportedInterfaceOrientations_iPhone = "UIInterfaceOrientationPortrait UIInterfaceOrientationLandscapeLeft UIInterfaceOrientationLandscapeRight";
				LD_RUNPATH_SEARCH_PATHS = (
					"$(inherited)",
					"@executable_path/Frameworks",
				);
				MARKETING_VERSION = 1.0;
				PRODUCT_BUNDLE_IDENTIFIER = "organization.Assignment-2";
				PRODUCT_NAME = "$(TARGET_NAME)";
				SWIFT_EMIT_LOC_STRINGS = YES;
				SWIFT_VERSION = 5.0;
				TARGETED_DEVICE_FAMILY = "1,2";
			};
			name = Release;
		};
/* End XCBuildConfiguration section */

/* Begin XCConfigurationList section */
		A18F2AB02AA6B78E0081553D /* Build configuration list for PBXProject "Assignment 2" */ = {
			isa = XCConfigurationList;
			buildConfigurations = (
				A18F2AC12AA6B7910081553D /* Debug */,
				A18F2AC22AA6B7910081553D /* Release */,
			);
			defaultConfigurationIsVisible = 0;
			defaultConfigurationName = Release;
		};
		A18F2AC32AA6B7910081553D /* Build configuration list for PBXNativeTarget "Assignment 2" */ = {
			isa = XCConfigurationList;
			buildConfigurations = (
				A18F2AC42AA6B7910081553D /* Debug */,
				A18F2AC52AA6B7910081553D /* Release */,
			);
			defaultConfigurationIsVisible = 0;
			defaultConfigurationName = Release;
		};
/* End XCConfigurationList section */
	};
	rootObject = A18F2AAD2AA6B78E0081553D /* Project object */;
}
